
Microsoft Visual Studio Solution File, Format Version 12.00
# Visual Studio Version 16
VisualStudioVersion = 16.0.29001.49
MinimumVisualStudioVersion = 10.0.40219.1
Project("{FAE04EC0-301F-11D3-BF4B-00C04F79EFBC}") = "89_Project_Part_B", "89_Project_Part_B\89_Project_Part_B.csproj", "{DBADC261-4631-43AA-AC05-CB10DCBBEEDC}"
EndProject
Global
	GlobalSection(SolutionConfigurationPlatforms) = preSolution
		Debug|Any CPU = Debug|Any CPU
		Release|Any CPU = Release|Any CPU
	EndGlobalSection
	GlobalSection(ProjectConfigurationPlatforms) = postSolution
		{DBADC261-4631-43AA-AC05-CB10DCBBEEDC}.Debug|Any CPU.ActiveCfg = Debug|Any CPU
		{DBADC261-4631-43AA-AC05-CB10DCBBEEDC}.Debug|Any CPU.Build.0 = Debug|Any CPU
		{DBADC261-4631-43AA-AC05-CB10DCBBEEDC}.Release|Any CPU.ActiveCfg = Release|Any CPU
		{DBADC261-4631-43AA-AC05-CB10DCBBEEDC}.Release|Any CPU.Build.0 = Release|Any CPU
	EndGlobalSection
	GlobalSection(SolutionProperties) = preSolution
		HideSolutionNode = FALSE
	EndGlobalSection
	GlobalSection(ExtensibilityGlobals) = postSolution
		SolutionGuid = {C6D9A890-1637-4217-9359-3CD2DBD56D92}
	EndGlobalSection
EndGlobal
